
Microsoft Visual Studio Solution File, Format Version 12.00
# Visual Studio Version 17
VisualStudioVersion = 17.0.31612.314
MinimumVisualStudioVersion = 10.0.40219.1
Project("{9A19103F-16F7-4668-BE54-9A1E7A4F7556}") = "LanguageFeatures", "LanguageFeatures.csproj", "{C153A8DF-2725-4D82-BF0E-854974F4ACD4}"
EndProject
Global
	GlobalSection(SolutionConfigurationPlatforms) = preSolution
		Debug|Any CPU = Debug|Any CPU
		Release|Any CPU = Release|Any CPU
	EndGlobalSection
	GlobalSection(ProjectConfigurationPlatforms) = postSolution
		{C153A8DF-2725-4D82-BF0E-854974F4ACD4}.Debug|Any CPU.ActiveCfg = Debug|Any CPU
		{C153A8DF-2725-4D82-BF0E-854974F4ACD4}.Debug|Any CPU.Build.0 = Debug|Any CPU
		{C153A8DF-2725-4D82-BF0E-854974F4ACD4}.Release|Any CPU.ActiveCfg = Release|Any CPU
		{C153A8DF-2725-4D82-BF0E-854974F4ACD4}.Release|Any CPU.Build.0 = Release|Any CPU
	EndGlobalSection
	GlobalSection(SolutionProperties) = preSolution
		HideSolutionNode = FALSE
	EndGlobalSection
	GlobalSection(ExtensibilityGlobals) = postSolution
		SolutionGuid = {C75D2C49-759F-407F-9798-A7BFE80A7A3E}
	EndGlobalSection
EndGlobal
